<Solution>
  <Folder Name="/src/">
    <Project Path="src/BasisUniversal.Native/BasisUniversal.Native.csproj" />
    <Project Path="src/BasisUniversal.NET.LowLevel/BasisUniversal.NET.LowLevel.csproj" />
    <Project Path="src/BasisUniversal.NET/BasisUniversal.NET.csproj" />
  </Folder>
  <Folder Name="/tests/">
    <Project Path="tests/BasisUniversal.NET.Tests/BasisUniversal.NET.Tests.csproj" />
  </Folder>
</Solution>
